
Microsoft Visual Studio Solution File, Format Version 12.00
# Visual Studio Version 16
VisualStudioVersion = 16.0.31911.196
MinimumVisualStudioVersion = 10.0.40219.1
Project("{FAE04EC0-301F-11D3-BF4B-00C04F79EFBC}") = "EasyTools.Wpf", "EasyTools.Wpf.csproj", "{043DC342-961C-4415-B017-DF2D5513747A}"
EndProject
Global
	GlobalSection(SolutionConfigurationPlatforms) = preSolution
		Debug|Any CPU = Debug|Any CPU
		Release|Any CPU = Release|Any CPU
	EndGlobalSection
	GlobalSection(ProjectConfigurationPlatforms) = postSolution
		{043DC342-961C-4415-B017-DF2D5513747A}.Debug|Any CPU.ActiveCfg = Debug|Any CPU
		{043DC342-961C-4415-B017-DF2D5513747A}.Debug|Any CPU.Build.0 = Debug|Any CPU
		{043DC342-961C-4415-B017-DF2D5513747A}.Release|Any CPU.ActiveCfg = Release|Any CPU
		{043DC342-961C-4415-B017-DF2D5513747A}.Release|Any CPU.Build.0 = Release|Any CPU
	EndGlobalSection
	GlobalSection(SolutionProperties) = preSolution
		HideSolutionNode = FALSE
	EndGlobalSection
	GlobalSection(ExtensibilityGlobals) = postSolution
		SolutionGuid = {FF5F6CC8-A0B5-4084-877E-A516D85B9FCD}
	EndGlobalSection
EndGlobal
